// !$*UTF8*$!
{
	archiveVersion = 1;
	classes = {
	};
	objectVersion = 46;
	objects = {

/* Begin PBXBuildFile section */
		47008589163831910042F814 /* MPColorUtil.m in Sources */ = {isa = PBXBuildFile; fileRef = 47008588163831910042F814 /* MPColorUtil.m */; };
		4700858F16385D2B0042F814 /* MPCustomView.m in Sources */ = {isa = PBXBuildFile; fileRef = 4700858E16385D2B0042F814 /* MPCustomView.m */; };
		4747A8DD1644665500E19F7F /* AudioToolbox.framework in Frameworks */ = {isa = PBXBuildFile; fileRef = 4747A8DC1644665500E19F7F /* AudioToolbox.framework */; };
		47752F89164068C3003363AE /* bg.png in Resources */ = {isa = PBXBuildFile; fileRef = 47752F88164068C3003363AE /* bg.png */; };
		47752F8C16406BA5003363AE /* newbg.png in Resources */ = {isa = PBXBuildFile; fileRef = 47752F8B16406BA5003363AE /* newbg.png */; };
		47752FA4164092A6003363AE /* InfoPlist.strings in Resources */ = {isa = PBXBuildFile; fileRef = 47752F9B164092A6003363AE /* InfoPlist.strings */; };
		47752FA5164092A6003363AE /* Localizable.strings in Resources */ = {isa = PBXBuildFile; fileRef = 47752F9D164092A6003363AE /* Localizable.strings */; };
		47752FA6164092A6003363AE /* InfoPlist.strings in Resources */ = {isa = PBXBuildFile; fileRef = 47752FA0164092A6003363AE /* InfoPlist.strings */; };
		47752FA7164092A6003363AE /* Localizable.strings in Resources */ = {isa = PBXBuildFile; fileRef = 47752FA2164092A6003363AE /* Localizable.strings */; };
		47752FAE1640A00D003363AE /* tick.aiff in Resources */ = {isa = PBXBuildFile; fileRef = 47752FAD1640A00D003363AE /* tick.aiff */; };
		47752FB31640A1C1003363AE /* time_up.aiff in Resources */ = {isa = PBXBuildFile; fileRef = 47752FB21640A1C1003363AE /* time_up.aiff */; };
		47981C751642263D005A08F5 /* MPAnimationUtil.m in Sources */ = {isa = PBXBuildFile; fileRef = 47981C741642263D005A08F5 /* MPAnimationUtil.m */; };
		47A6437A163B82B9004ABE50 /* MPGlowLabel.m in Sources */ = {isa = PBXBuildFile; fileRef = 47A64379163B82B9004ABE50 /* MPGlowLabel.m */; };
		47A64382163BA0A9004ABE50 /* clock.png in Resources */ = {isa = PBXBuildFile; fileRef = 47A64381163BA0A9004ABE50 /* clock.png */; };
		47A64388163BA239004ABE50 /* empty.png in Resources */ = {isa = PBXBuildFile; fileRef = 47A64387163BA239004ABE50 /* empty.png */; };
		47A6438B163C4368004ABE50 /* MPImageUtil.m in Sources */ = {isa = PBXBuildFile; fileRef = 47A6438A163C4368004ABE50 /* MPImageUtil.m */; };
		47A6438E163C440C004ABE50 /* MPCoreGraphicsUtil.m in Sources */ = {isa = PBXBuildFile; fileRef = 47A6438D163C440C004ABE50 /* MPCoreGraphicsUtil.m */; };
		47A64391163C48F0004ABE50 /* MPGradientButton.m in Sources */ = {isa = PBXBuildFile; fileRef = 47A64390163C48F0004ABE50 /* MPGradientButton.m */; };
		47BC690C1638F20800EC8091 /* QuartzCore.framework in Frameworks */ = {isa = PBXBuildFile; fileRef = 47BC690B1638F20800EC8091 /* QuartzCore.framework */; };
		47BC69101638F7E300EC8091 /* MPLayerSupport.m in Sources */ = {isa = PBXBuildFile; fileRef = 47BC690F1638F7E300EC8091 /* MPLayerSupport.m */; };
		47C5D97B163791E400F419F7 /* UIKit.framework in Frameworks */ = {isa = PBXBuildFile; fileRef = 47C5D97A163791E400F419F7 /* UIKit.framework */; };
		47C5D97D163791E400F419F7 /* Foundation.framework in Frameworks */ = {isa = PBXBuildFile; fileRef = 47C5D97C163791E400F419F7 /* Foundation.framework */; };
		47C5D97F163791E400F419F7 /* CoreGraphics.framework in Frameworks */ = {isa = PBXBuildFile; fileRef = 47C5D97E163791E400F419F7 /* CoreGraphics.framework */; };
		47C5D987163791E400F419F7 /* main.m in Sources */ = {isa = PBXBuildFile; fileRef = 47C5D986163791E400F419F7 /* main.m */; };
		47C5D98B163791E400F419F7 /* AppDelegate.m in Sources */ = {isa = PBXBuildFile; fileRef = 47C5D98A163791E400F419F7 /* AppDelegate.m */; };
		47C5D98D163791E400F419F7 /* Default.png in Resources */ = {isa = PBXBuildFile; fileRef = 47C5D98C163791E400F419F7 /* Default.png */; };
		47C5D98F163791E400F419F7 /* Default@2x.png in Resources */ = {isa = PBXBuildFile; fileRef = 47C5D98E163791E400F419F7 /* Default@2x.png */; };
		47C5D991163791E400F419F7 /* Default-568h@2x.png in Resources */ = {isa = PBXBuildFile; fileRef = 47C5D990163791E400F419F7 /* Default-568h@2x.png */; };
		47C5D9A11637921800F419F7 /* MainViewController.m in Sources */ = {isa = PBXBuildFile; fileRef = 47C5D99F1637921800F419F7 /* MainViewController.m */; };
		47C5D9A21637921800F419F7 /* MainViewController.xib in Resources */ = {isa = PBXBuildFile; fileRef = 47C5D9A01637921800F419F7 /* MainViewController.xib */; };
		47C5D9AB1637A47C00F419F7 /* ClockView.m in Sources */ = {isa = PBXBuildFile; fileRef = 47C5D9AA1637A47C00F419F7 /* ClockView.m */; };
		47C5D9AE1637AAF200F419F7 /* SlideBarView.m in Sources */ = {isa = PBXBuildFile; fileRef = 47C5D9AD1637AAF200F419F7 /* SlideBarView.m */; };
		47E64FBE163A45C90016E503 /* PanelSlideBarView.m in Sources */ = {isa = PBXBuildFile; fileRef = 47E64FBD163A45C90016E503 /* PanelSlideBarView.m */; };
/* End PBXBuildFile section */

/* Begin PBXFileReference section */
		47008587163831910042F814 /* MPColorUtil.h */ = {isa = PBXFileReference; fileEncoding = 4; lastKnownFileType = sourcecode.c.h; name = MPColorUtil.h; path = ../../MPiOS/MPColorUtil.h; sourceTree = "<group>"; };
		47008588163831910042F814 /* MPColorUtil.m */ = {isa = PBXFileReference; fileEncoding = 4; lastKnownFileType = sourcecode.c.objc; name = MPColorUtil.m; path = ../../MPiOS/MPColorUtil.m; sourceTree = "<group>"; };
		4700858D16385D2B0042F814 /* MPCustomView.h */ = {isa = PBXFileReference; fileEncoding = 4; lastKnownFileType = sourcecode.c.h; name = MPCustomView.h; path = ../../MPiOS/MPCustomView.h; sourceTree = "<group>"; };
		4700858E16385D2B0042F814 /* MPCustomView.m */ = {isa = PBXFileReference; fileEncoding = 4; lastKnownFileType = sourcecode.c.objc; name = MPCustomView.m; path = ../../MPiOS/MPCustomView.m; sourceTree = "<group>"; };
		4747A8DC1644665500E19F7F /* AudioToolbox.framework */ = {isa = PBXFileReference; lastKnownFileType = wrapper.framework; name = AudioToolbox.framework; path = System/Library/Frameworks/AudioToolbox.framework; sourceTree = SDKROOT; };
		47752F88164068C3003363AE /* bg.png */ = {isa = PBXFileReference; lastKnownFileType = image.png; path = bg.png; sourceTree = "<group>"; };
		47752F8B16406BA5003363AE /* newbg.png */ = {isa = PBXFileReference; lastKnownFileType = image.png; path = newbg.png; sourceTree = "<group>"; };
		47752F9C164092A6003363AE /* en */ = {isa = PBXFileReference; lastKnownFileType = text.plist.strings; name = en; path = InfoPlist.strings; sourceTree = "<group>"; };
		47752F9E164092A6003363AE /* en */ = {isa = PBXFileReference; lastKnownFileType = text.plist.strings; name = en; path = Localizable.strings; sourceTree = "<group>"; };
		47752FA1164092A6003363AE /* zh */ = {isa = PBXFileReference; lastKnownFileType = text.plist.strings; name = zh; path = InfoPlist.strings; sourceTree = "<group>"; };
		47752FA3164092A6003363AE /* zh */ = {isa = PBXFileReference; lastKnownFileType = text.plist.strings; name = zh; path = Localizable.strings; sourceTree = "<group>"; };
		47752FAD1640A00D003363AE /* tick.aiff */ = {isa = PBXFileReference; lastKnownFileType = audio.aiff; path = tick.aiff; sourceTree = "<group>"; };
		47752FB21640A1C1003363AE /* time_up.aiff */ = {isa = PBXFileReference; lastKnownFileType = audio.aiff; path = time_up.aiff; sourceTree = "<group>"; };
		47981C731642263D005A08F5 /* MPAnimationUtil.h */ = {isa = PBXFileReference; fileEncoding = 4; lastKnownFileType = sourcecode.c.h; name = MPAnimationUtil.h; path = ../../MPiOS/MPAnimationUtil.h; sourceTree = "<group>"; };
		47981C741642263D005A08F5 /* MPAnimationUtil.m */ = {isa = PBXFileReference; fileEncoding = 4; lastKnownFileType = sourcecode.c.objc; name = MPAnimationUtil.m; path = ../../MPiOS/MPAnimationUtil.m; sourceTree = "<group>"; };
		47A64378163B82B9004ABE50 /* MPGlowLabel.h */ = {isa = PBXFileReference; fileEncoding = 4; lastKnownFileType = sourcecode.c.h; name = MPGlowLabel.h; path = ../../MPiOS/MPGlowLabel.h; sourceTree = "<group>"; };
		47A64379163B82B9004ABE50 /* MPGlowLabel.m */ = {isa = PBXFileReference; fileEncoding = 4; lastKnownFileType = sourcecode.c.objc; name = MPGlowLabel.m; path = ../../MPiOS/MPGlowLabel.m; sourceTree = "<group>"; };
		47A64381163BA0A9004ABE50 /* clock.png */ = {isa = PBXFileReference; lastKnownFileType = image.png; path = clock.png; sourceTree = "<group>"; };
		47A64387163BA239004ABE50 /* empty.png */ = {isa = PBXFileReference; lastKnownFileType = image.png; path = empty.png; sourceTree = "<group>"; };
		47A64389163C4368004ABE50 /* MPImageUtil.h */ = {isa = PBXFileReference; fileEncoding = 4; lastKnownFileType = sourcecode.c.h; name = MPImageUtil.h; path = ../../MPiOS/MPImageUtil.h; sourceTree = "<group>"; };
		47A6438A163C4368004ABE50 /* MPImageUtil.m */ = {isa = PBXFileReference; fileEncoding = 4; lastKnownFileType = sourcecode.c.objc; name = MPImageUtil.m; path = ../../MPiOS/MPImageUtil.m; sourceTree = "<group>"; };
		47A6438C163C440C004ABE50 /* MPCoreGraphicsUtil.h */ = {isa = PBXFileReference; fileEncoding = 4; lastKnownFileType = sourcecode.c.h; name = MPCoreGraphicsUtil.h; path = ../../MPiOS/MPCoreGraphicsUtil.h; sourceTree = "<group>"; };
		47A6438D163C440C004ABE50 /* MPCoreGraphicsUtil.m */ = {isa = PBXFileReference; fileEncoding = 4; lastKnownFileType = sourcecode.c.objc; name = MPCoreGraphicsUtil.m; path = ../../MPiOS/MPCoreGraphicsUtil.m; sourceTree = "<group>"; };
		47A6438F163C48F0004ABE50 /* MPGradientButton.h */ = {isa = PBXFileReference; fileEncoding = 4; lastKnownFileType = sourcecode.c.h; name = MPGradientButton.h; path = ../../MPiOS/MPGradientButton.h; sourceTree = "<group>"; };
		47A64390163C48F0004ABE50 /* MPGradientButton.m */ = {isa = PBXFileReference; fileEncoding = 4; lastKnownFileType = sourcecode.c.objc; name = MPGradientButton.m; path = ../../MPiOS/MPGradientButton.m; sourceTree = "<group>"; };
		47BC690B1638F20800EC8091 /* QuartzCore.framework */ = {isa = PBXFileReference; lastKnownFileType = wrapper.framework; name = QuartzCore.framework; path = System/Library/Frameworks/QuartzCore.framework; sourceTree = SDKROOT; };
		47BC690E1638F7E300EC8091 /* MPLayerSupport.h */ = {isa = PBXFileReference; fileEncoding = 4; lastKnownFileType = sourcecode.c.h; name = MPLayerSupport.h; path = ../../MPiOS/MPLayerSupport.h; sourceTree = "<group>"; };
		47BC690F1638F7E300EC8091 /* MPLayerSupport.m */ = {isa = PBXFileReference; fileEncoding = 4; lastKnownFileType = sourcecode.c.objc; name = MPLayerSupport.m; path = ../../MPiOS/MPLayerSupport.m; sourceTree = "<group>"; };
		47C5D976163791E400F419F7 /* MrTimer.app */ = {isa = PBXFileReference; explicitFileType = wrapper.application; includeInIndex = 0; path = MrTimer.app; sourceTree = BUILT_PRODUCTS_DIR; };
		47C5D97A163791E400F419F7 /* UIKit.framework */ = {isa = PBXFileReference; lastKnownFileType = wrapper.framework; name = UIKit.framework; path = System/Library/Frameworks/UIKit.framework; sourceTree = SDKROOT; };
		47C5D97C163791E400F419F7 /* Foundation.framework */ = {isa = PBXFileReference; lastKnownFileType = wrapper.framework; name = Foundation.framework; path = System/Library/Frameworks/Foundation.framework; sourceTree = SDKROOT; };
		47C5D97E163791E400F419F7 /* CoreGraphics.framework */ = {isa = PBXFileReference; lastKnownFileType = wrapper.framework; name = CoreGraphics.framework; path = System/Library/Frameworks/CoreGraphics.framework; sourceTree = SDKROOT; };
		47C5D982163791E400F419F7 /* MrTimer-Info.plist */ = {isa = PBXFileReference; lastKnownFileType = text.plist.xml; path = "MrTimer-Info.plist"; sourceTree = "<group>"; };
		47C5D986163791E400F419F7 /* main.m */ = {isa = PBXFileReference; lastKnownFileType = sourcecode.c.objc; path = main.m; sourceTree = "<group>"; };
		47C5D988163791E400F419F7 /* MrTimer-Prefix.pch */ = {isa = PBXFileReference; lastKnownFileType = sourcecode.c.h; path = "MrTimer-Prefix.pch"; sourceTree = "<group>"; };
		47C5D989163791E400F419F7 /* AppDelegate.h */ = {isa = PBXFileReference; lastKnownFileType = sourcecode.c.h; path = AppDelegate.h; sourceTree = "<group>"; };
		47C5D98A163791E400F419F7 /* AppDelegate.m */ = {isa = PBXFileReference; lastKnownFileType = sourcecode.c.objc; path = AppDelegate.m; sourceTree = "<group>"; };
		47C5D98C163791E400F419F7 /* Default.png */ = {isa = PBXFileReference; lastKnownFileType = image.png; path = Default.png; sourceTree = "<group>"; };
		47C5D98E163791E400F419F7 /* Default@2x.png */ = {isa = PBXFileReference; lastKnownFileType = image.png; path = "Default@2x.png"; sourceTree = "<group>"; };
		47C5D990163791E400F419F7 /* Default-568h@2x.png */ = {isa = PBXFileReference; lastKnownFileType = image.png; path = "Default-568h@2x.png"; sourceTree = "<group>"; };
		47C5D99E1637921800F419F7 /* MainViewController.h */ = {isa = PBXFileReference; fileEncoding = 4; lastKnownFileType = sourcecode.c.h; path = MainViewController.h; sourceTree = "<group>"; };
		47C5D99F1637921800F419F7 /* MainViewController.m */ = {isa = PBXFileReference; fileEncoding = 4; lastKnownFileType = sourcecode.c.objc; path = MainViewController.m; sourceTree = "<group>"; };
		47C5D9A01637921800F419F7 /* MainViewController.xib */ = {isa = PBXFileReference; fileEncoding = 4; lastKnownFileType = file.xib; path = MainViewController.xib; sourceTree = "<group>"; };
		47C5D9A91637A47C00F419F7 /* ClockView.h */ = {isa = PBXFileReference; fileEncoding = 4; lastKnownFileType = sourcecode.c.h; name = ClockView.h; path = ClockView/ClockView.h; sourceTree = "<group>"; };
		47C5D9AA1637A47C00F419F7 /* ClockView.m */ = {isa = PBXFileReference; fileEncoding = 4; lastKnownFileType = sourcecode.c.objc; name = ClockView.m; path = ClockView/ClockView.m; sourceTree = "<group>"; };
		47C5D9AC1637AAF200F419F7 /* SlideBarView.h */ = {isa = PBXFileReference; fileEncoding = 4; lastKnownFileType = sourcecode.c.h; name = SlideBarView.h; path = SlideBarView/SlideBarView.h; sourceTree = "<group>"; };
		47C5D9AD1637AAF200F419F7 /* SlideBarView.m */ = {isa = PBXFileReference; fileEncoding = 4; lastKnownFileType = sourcecode.c.objc; name = SlideBarView.m; path = SlideBarView/SlideBarView.m; sourceTree = "<group>"; };
		47E64FBC163A45C90016E503 /* PanelSlideBarView.h */ = {isa = PBXFileReference; fileEncoding = 4; lastKnownFileType = sourcecode.c.h; name = PanelSlideBarView.h; path = SlideBarView/PanelSlideBarView.h; sourceTree = "<group>"; };
		47E64FBD163A45C90016E503 /* PanelSlideBarView.m */ = {isa = PBXFileReference; fileEncoding = 4; lastKnownFileType = sourcecode.c.objc; name = PanelSlideBarView.m; path = SlideBarView/PanelSlideBarView.m; sourceTree = "<group>"; };
/* End PBXFileReference section */

/* Begin PBXFrameworksBuildPhase section */
		47C5D973163791E400F419F7 /* Frameworks */ = {
			isa = PBXFrameworksBuildPhase;
			buildActionMask = 2147483647;
			files = (
				4747A8DD1644665500E19F7F /* AudioToolbox.framework in Frameworks */,
				47BC690C1638F20800EC8091 /* QuartzCore.framework in Frameworks */,
				47C5D97B163791E400F419F7 /* UIKit.framework in Frameworks */,
				47C5D97D163791E400F419F7 /* Foundation.framework in Frameworks */,
				47C5D97F163791E400F419F7 /* CoreGraphics.framework in Frameworks */,
			);
			runOnlyForDeploymentPostprocessing = 0;
		};
/* End PBXFrameworksBuildPhase section */

/* Begin PBXGroup section */
		4700858B163832590042F814 /* MPiOS */ = {
			isa = PBXGroup;
			children = (
				47A6438F163C48F0004ABE50 /* MPGradientButton.h */,
				47A64390163C48F0004ABE50 /* MPGradientButton.m */,
				47A6438C163C440C004ABE50 /* MPCoreGraphicsUtil.h */,
				47A6438D163C440C004ABE50 /* MPCoreGraphicsUtil.m */,
				47A64389163C4368004ABE50 /* MPImageUtil.h */,
				47A6438A163C4368004ABE50 /* MPImageUtil.m */,
				47008587163831910042F814 /* MPColorUtil.h */,
				47008588163831910042F814 /* MPColorUtil.m */,
				4700858D16385D2B0042F814 /* MPCustomView.h */,
				4700858E16385D2B0042F814 /* MPCustomView.m */,
				47BC690E1638F7E300EC8091 /* MPLayerSupport.h */,
				47BC690F1638F7E300EC8091 /* MPLayerSupport.m */,
				47A64378163B82B9004ABE50 /* MPGlowLabel.h */,
				47A64379163B82B9004ABE50 /* MPGlowLabel.m */,
				47981C731642263D005A08F5 /* MPAnimationUtil.h */,
				47981C741642263D005A08F5 /* MPAnimationUtil.m */,
			);
			name = MPiOS;
			sourceTree = "<group>";
		};
		4700858C1638327D0042F814 /* SlideBarView */ = {
			isa = PBXGroup;
			children = (
				47C5D9AC1637AAF200F419F7 /* SlideBarView.h */,
				47C5D9AD1637AAF200F419F7 /* SlideBarView.m */,
				47E64FBC163A45C90016E503 /* PanelSlideBarView.h */,
				47E64FBD163A45C90016E503 /* PanelSlideBarView.m */,
			);
			name = SlideBarView;
			sourceTree = "<group>";
		};
		47752F9A164092A6003363AE /* en.lproj */ = {
			isa = PBXGroup;
			children = (
				47752F9B164092A6003363AE /* InfoPlist.strings */,
				47752F9D164092A6003363AE /* Localizable.strings */,
			);
			path = en.lproj;
			sourceTree = "<group>";
		};
		47752F9F164092A6003363AE /* zh.lproj */ = {
			isa = PBXGroup;
			children = (
				47752FA0164092A6003363AE /* InfoPlist.strings */,
				47752FA2164092A6003363AE /* Localizable.strings */,
			);
			path = zh.lproj;
			sourceTree = "<group>";
		};
		47752FAC1640A00D003363AE /* Resources */ = {
			isa = PBXGroup;
			children = (
				47752FAD1640A00D003363AE /* tick.aiff */,
				47752FB21640A1C1003363AE /* time_up.aiff */,
			);
			path = Resources;
			sourceTree = "<group>";
		};
		47A64380163BA0A9004ABE50 /* Images */ = {
			isa = PBXGroup;
			children = (
				47752F8B16406BA5003363AE /* newbg.png */,
				47752F88164068C3003363AE /* bg.png */,
				47A64381163BA0A9004ABE50 /* clock.png */,
				47A64387163BA239004ABE50 /* empty.png */,
			);
			path = Images;
			sourceTree = "<group>";
		};
		47C5D96B163791E400F419F7 = {
			isa = PBXGroup;
			children = (
				47C5D980163791E400F419F7 /* MrTimer */,
				47C5D979163791E400F419F7 /* Frameworks */,
				47C5D977163791E400F419F7 /* Products */,
			);
			sourceTree = "<group>";
		};
		47C5D977163791E400F419F7 /* Products */ = {
			isa = PBXGroup;
			children = (
				47C5D976163791E400F419F7 /* MrTimer.app */,
			);
			name = Products;
			sourceTree = "<group>";
		};
		47C5D979163791E400F419F7 /* Frameworks */ = {
			isa = PBXGroup;
			children = (
				4747A8DC1644665500E19F7F /* AudioToolbox.framework */,
				47BC690B1638F20800EC8091 /* QuartzCore.framework */,
				47C5D97A163791E400F419F7 /* UIKit.framework */,
				47C5D97C163791E400F419F7 /* Foundation.framework */,
				47C5D97E163791E400F419F7 /* CoreGraphics.framework */,
			);
			name = Frameworks;
			sourceTree = "<group>";
		};
		47C5D980163791E400F419F7 /* MrTimer */ = {
			isa = PBXGroup;
			children = (
				4700858B163832590042F814 /* MPiOS */,
				4700858C1638327D0042F814 /* SlideBarView */,
				47C5D9A81637A45D00F419F7 /* ClockView */,
				47C5D989163791E400F419F7 /* AppDelegate.h */,
				47C5D98A163791E400F419F7 /* AppDelegate.m */,
				47C5D981163791E400F419F7 /* Supporting Files */,
				47C5D99E1637921800F419F7 /* MainViewController.h */,
				47C5D99F1637921800F419F7 /* MainViewController.m */,
				47C5D9A01637921800F419F7 /* MainViewController.xib */,
			);
			path = MrTimer;
			sourceTree = "<group>";
		};
		47C5D981163791E400F419F7 /* Supporting Files */ = {
			isa = PBXGroup;
			children = (
				47752FAC1640A00D003363AE /* Resources */,
				47752F9A164092A6003363AE /* en.lproj */,
				47752F9F164092A6003363AE /* zh.lproj */,
				47A64380163BA0A9004ABE50 /* Images */,
				47C5D982163791E400F419F7 /* MrTimer-Info.plist */,
				47C5D986163791E400F419F7 /* main.m */,
				47C5D988163791E400F419F7 /* MrTimer-Prefix.pch */,
				47C5D98C163791E400F419F7 /* Default.png */,
				47C5D98E163791E400F419F7 /* Default@2x.png */,
				47C5D990163791E400F419F7 /* Default-568h@2x.png */,
			);
			name = "Supporting Files";
			sourceTree = "<group>";
		};
		47C5D9A81637A45D00F419F7 /* ClockView */ = {
			isa = PBXGroup;
			children = (
				47C5D9A91637A47C00F419F7 /* ClockView.h */,
				47C5D9AA1637A47C00F419F7 /* ClockView.m */,
			);
			name = ClockView;
			sourceTree = "<group>";
		};
/* End PBXGroup section */

/* Begin PBXNativeTarget section */
		47C5D975163791E400F419F7 /* MrTimer */ = {
			isa = PBXNativeTarget;
			buildConfigurationList = 47C5D994163791E400F419F7 /* Build configuration list for PBXNativeTarget "MrTimer" */;
			buildPhases = (
				47C5D972163791E400F419F7 /* Sources */,
				47C5D973163791E400F419F7 /* Frameworks */,
				47C5D974163791E400F419F7 /* Resources */,
			);
			buildRules = (
			);
			dependencies = (
			);
			name = MrTimer;
			productName = MrTimer;
			productReference = 47C5D976163791E400F419F7 /* MrTimer.app */;
			productType = "com.apple.product-type.application";
		};
/* End PBXNativeTarget section */

/* Begin PBXProject section */
		47C5D96D163791E400F419F7 /* Project object */ = {
			isa = PBXProject;
			attributes = {
				LastUpgradeCheck = 0450;
				ORGANIZATIONNAME = "Haoxiang Li";
			};
			buildConfigurationList = 47C5D970163791E400F419F7 /* Build configuration list for PBXProject "MrTimer" */;
			compatibilityVersion = "Xcode 3.2";
			developmentRegion = English;
			hasScannedForEncodings = 0;
			knownRegions = (
				en,
				zh,
			);
			mainGroup = 47C5D96B163791E400F419F7;
			productRefGroup = 47C5D977163791E400F419F7 /* Products */;
			projectDirPath = "";
			projectRoot = "";
			targets = (
				47C5D975163791E400F419F7 /* MrTimer */,
			);
		};
/* End PBXProject section */

/* Begin PBXResourcesBuildPhase section */
		47C5D974163791E400F419F7 /* Resources */ = {
			isa = PBXResourcesBuildPhase;
			buildActionMask = 2147483647;
			files = (
				47C5D98D163791E400F419F7 /* Default.png in Resources */,
				47C5D98F163791E400F419F7 /* Default@2x.png in Resources */,
				47C5D991163791E400F419F7 /* Default-568h@2x.png in Resources */,
				47C5D9A21637921800F419F7 /* MainViewController.xib in Resources */,
				47A64382163BA0A9004ABE50 /* clock.png in Resources */,
				47A64388163BA239004ABE50 /* empty.png in Resources */,
				47752F89164068C3003363AE /* bg.png in Resources */,
				47752F8C16406BA5003363AE /* newbg.png in Resources */,
				47752FA4164092A6003363AE /* InfoPlist.strings in Resources */,
				47752FA5164092A6003363AE /* Localizable.strings in Resources */,
				47752FA6164092A6003363AE /* InfoPlist.strings in Resources */,
				47752FA7164092A6003363AE /* Localizable.strings in Resources */,
				47752FAE1640A00D003363AE /* tick.aiff in Resources */,
				47752FB31640A1C1003363AE /* time_up.aiff in Resources */,
			);
			runOnlyForDeploymentPostprocessing = 0;
		};
/* End PBXResourcesBuildPhase section */

/* Begin PBXSourcesBuildPhase section */
		47C5D972163791E400F419F7 /* Sources */ = {
			isa = PBXSourcesBuildPhase;
			buildActionMask = 2147483647;
			files = (
				47C5D987163791E400F419F7 /* main.m in Sources */,
				47C5D98B163791E400F419F7 /* AppDelegate.m in Sources */,
				47C5D9A11637921800F419F7 /* MainViewController.m in Sources */,
				47C5D9AB1637A47C00F419F7 /* ClockView.m in Sources */,
				47C5D9AE1637AAF200F419F7 /* SlideBarView.m in Sources */,
				47008589163831910042F814 /* MPColorUtil.m in Sources */,
				4700858F16385D2B0042F814 /* MPCustomView.m in Sources */,
				47BC69101638F7E300EC8091 /* MPLayerSupport.m in Sources */,
				47E64FBE163A45C90016E503 /* PanelSlideBarView.m in Sources */,
				47A6437A163B82B9004ABE50 /* MPGlowLabel.m in Sources */,
				47A6438B163C4368004ABE50 /* MPImageUtil.m in Sources */,
				47A6438E163C440C004ABE50 /* MPCoreGraphicsUtil.m in Sources */,
				47A64391163C48F0004ABE50 /* MPGradientButton.m in Sources */,
				47981C751642263D005A08F5 /* MPAnimationUtil.m in Sources */,
			);
			runOnlyForDeploymentPostprocessing = 0;
		};
/* End PBXSourcesBuildPhase section */

/* Begin PBXVariantGroup section */
		47752F9B164092A6003363AE /* InfoPlist.strings */ = {
			isa = PBXVariantGroup;
			children = (
				47752F9C164092A6003363AE /* en */,
			);
			name = InfoPlist.strings;
			sourceTree = "<group>";
		};
		47752F9D164092A6003363AE /* Localizable.strings */ = {
			isa = PBXVariantGroup;
			children = (
				47752F9E164092A6003363AE /* en */,
			);
			name = Localizable.strings;
			sourceTree = "<group>";
		};
		47752FA0164092A6003363AE /* InfoPlist.strings */ = {
			isa = PBXVariantGroup;
			children = (
				47752FA1164092A6003363AE /* zh */,
			);
			name = InfoPlist.strings;
			sourceTree = "<group>";
		};
		47752FA2164092A6003363AE /* Localizable.strings */ = {
			isa = PBXVariantGroup;
			children = (
				47752FA3164092A6003363AE /* zh */,
			);
			name = Localizable.strings;
			sourceTree = "<group>";
		};
/* End PBXVariantGroup section */

/* Begin XCBuildConfiguration section */
		47C5D992163791E400F419F7 /* Debug */ = {
			isa = XCBuildConfiguration;
			buildSettings = {
				ALWAYS_SEARCH_USER_PATHS = NO;
				CLANG_CXX_LANGUAGE_STANDARD = "gnu++0x";
				CLANG_CXX_LIBRARY = "libc++";
				CLANG_ENABLE_OBJC_ARC = YES;
				CLANG_WARN_EMPTY_BODY = YES;
				CLANG_WARN__DUPLICATE_METHOD_MATCH = YES;
				"CODE_SIGN_IDENTITY[sdk=iphoneos*]" = "iPhone Developer";
				COPY_PHASE_STRIP = NO;
				GCC_C_LANGUAGE_STANDARD = gnu99;
				GCC_DYNAMIC_NO_PIC = NO;
				GCC_OPTIMIZATION_LEVEL = 0;
				GCC_PREPROCESSOR_DEFINITIONS = (
					"DEBUG=1",
					"$(inherited)",
				);
				GCC_SYMBOLS_PRIVATE_EXTERN = NO;
				GCC_WARN_ABOUT_RETURN_TYPE = YES;
				GCC_WARN_UNINITIALIZED_AUTOS = YES;
				GCC_WARN_UNUSED_VARIABLE = YES;
				IPHONEOS_DEPLOYMENT_TARGET = 6.0;
				ONLY_ACTIVE_ARCH = YES;
				SDKROOT = iphoneos;
			};
			name = Debug;
		};
		47C5D993163791E400F419F7 /* Release */ = {
			isa = XCBuildConfiguration;
			buildSettings = {
				ALWAYS_SEARCH_USER_PATHS = NO;
				CLANG_CXX_LANGUAGE_STANDARD = "gnu++0x";
				CLANG_CXX_LIBRARY = "libc++";
				CLANG_ENABLE_OBJC_ARC = YES;
				CLANG_WARN_EMPTY_BODY = YES;
				CLANG_WARN__DUPLICATE_METHOD_MATCH = YES;
				"CODE_SIGN_IDENTITY[sdk=iphoneos*]" = "iPhone Developer";
				COPY_PHASE_STRIP = YES;
				GCC_C_LANGUAGE_STANDARD = gnu99;
				GCC_WARN_ABOUT_RETURN_TYPE = YES;
				GCC_WARN_UNINITIALIZED_AUTOS = YES;
				GCC_WARN_UNUSED_VARIABLE = YES;
				IPHONEOS_DEPLOYMENT_TARGET = 6.0;
				OTHER_CFLAGS = "-DNS_BLOCK_ASSERTIONS=1";
				SDKROOT = iphoneos;
				VALIDATE_PRODUCT = YES;
			};
			name = Release;
		};
		47C5D995163791E400F419F7 /* Debug */ = {
			isa = XCBuildConfiguration;
			buildSettings = {
				GCC_PRECOMPILE_PREFIX_HEADER = YES;
				GCC_PREFIX_HEADER = "MrTimer/MrTimer-Prefix.pch";
				INFOPLIST_FILE = "MrTimer/MrTimer-Info.plist";
				PRODUCT_NAME = "$(TARGET_NAME)";
				WRAPPER_EXTENSION = app;
			};
			name = Debug;
		};
		47C5D996163791E400F419F7 /* Release */ = {
			isa = XCBuildConfiguration;
			buildSettings = {
				GCC_PRECOMPILE_PREFIX_HEADER = YES;
				GCC_PREFIX_HEADER = "MrTimer/MrTimer-Prefix.pch";
				INFOPLIST_FILE = "MrTimer/MrTimer-Info.plist";
				PRODUCT_NAME = "$(TARGET_NAME)";
				WRAPPER_EXTENSION = app;
			};
			name = Release;
		};
/* End XCBuildConfiguration section */

/* Begin XCConfigurationList section */
		47C5D970163791E400F419F7 /* Build configuration list for PBXProject "MrTimer" */ = {
			isa = XCConfigurationList;
			buildConfigurations = (
				47C5D992163791E400F419F7 /* Debug */,
				47C5D993163791E400F419F7 /* Release */,
			);
			defaultConfigurationIsVisible = 0;
			defaultConfigurationName = Release;
		};
		47C5D994163791E400F419F7 /* Build configuration list for PBXNativeTarget "MrTimer" */ = {
			isa = XCConfigurationList;
			buildConfigurations = (
				47C5D995163791E400F419F7 /* Debug */,
				47C5D996163791E400F419F7 /* Release */,
			);
			defaultConfigurationIsVisible = 0;
			defaultConfigurationName = Release;
		};
/* End XCConfigurationList section */
	};
	rootObject = 47C5D96D163791E400F419F7 /* Project object */;
}
